
Microsoft Visual Studio Solution File, Format Version 12.00
# Visual Studio 15
VisualStudioVersion = 15.0.28307.168
MinimumVisualStudioVersion = 10.0.40219.1
Project("{FAE04EC0-301F-11D3-BF4B-00C04F79EFBC}") = "ConsoleApp2", "ConsoleApp2\ConsoleApp2.csproj", "{0ACFAE06-AB04-4964-95B4-FEB7BA278F56}"
EndProject
Global
	GlobalSection(SolutionConfigurationPlatforms) = preSolution
		Debug|Any CPU = Debug|Any CPU
		Release|Any CPU = Release|Any CPU
	EndGlobalSection
	GlobalSection(ProjectConfigurationPlatforms) = postSolution
		{0ACFAE06-AB04-4964-95B4-FEB7BA278F56}.Debug|Any CPU.ActiveCfg = Debug|Any CPU
		{0ACFAE06-AB04-4964-95B4-FEB7BA278F56}.Debug|Any CPU.Build.0 = Debug|Any CPU
		{0ACFAE06-AB04-4964-95B4-FEB7BA278F56}.Release|Any CPU.ActiveCfg = Release|Any CPU
		{0ACFAE06-AB04-4964-95B4-FEB7BA278F56}.Release|Any CPU.Build.0 = Release|Any CPU
	EndGlobalSection
	GlobalSection(SolutionProperties) = preSolution
		HideSolutionNode = FALSE
	EndGlobalSection
	GlobalSection(ExtensibilityGlobals) = postSolution
		SolutionGuid = {A0D0901F-7B02-44E6-895F-EEC8C4685EAE}
	EndGlobalSection
EndGlobal
