
Microsoft Visual Studio Solution File, Format Version 12.00
# Visual Studio 15
VisualStudioVersion = 15.0.28307.168
MinimumVisualStudioVersion = 10.0.40219.1
Project("{FAE04EC0-301F-11D3-BF4B-00C04F79EFBC}") = "ReturnIndexofAllCapitalLetters", "ReturnIndexofAllCapitalLetters\ReturnIndexofAllCapitalLetters.csproj", "{9FEC1C44-62CF-429D-A6CB-A1A0D00189DF}"
EndProject
Global
	GlobalSection(SolutionConfigurationPlatforms) = preSolution
		Debug|Any CPU = Debug|Any CPU
		Release|Any CPU = Release|Any CPU
	EndGlobalSection
	GlobalSection(ProjectConfigurationPlatforms) = postSolution
		{9FEC1C44-62CF-429D-A6CB-A1A0D00189DF}.Debug|Any CPU.ActiveCfg = Debug|Any CPU
		{9FEC1C44-62CF-429D-A6CB-A1A0D00189DF}.Debug|Any CPU.Build.0 = Debug|Any CPU
		{9FEC1C44-62CF-429D-A6CB-A1A0D00189DF}.Release|Any CPU.ActiveCfg = Release|Any CPU
		{9FEC1C44-62CF-429D-A6CB-A1A0D00189DF}.Release|Any CPU.Build.0 = Release|Any CPU
	EndGlobalSection
	GlobalSection(SolutionProperties) = preSolution
		HideSolutionNode = FALSE
	EndGlobalSection
	GlobalSection(ExtensibilityGlobals) = postSolution
		SolutionGuid = {C89DD283-45DF-470F-9BDD-C1F83C3ABD68}
	EndGlobalSection
EndGlobal
