
Microsoft Visual Studio Solution File, Format Version 12.00
# Visual Studio 15
VisualStudioVersion = 15.0.28307.168
MinimumVisualStudioVersion = 10.0.40219.1
Project("{FAE04EC0-301F-11D3-BF4B-00C04F79EFBC}") = "CSharpPractice", "CSharpPractice\CSharpPractice.csproj", "{F1920060-074E-4C0C-9D49-3017F17C022D}"
EndProject
Global
	GlobalSection(SolutionConfigurationPlatforms) = preSolution
		Debug|Any CPU = Debug|Any CPU
		Release|Any CPU = Release|Any CPU
	EndGlobalSection
	GlobalSection(ProjectConfigurationPlatforms) = postSolution
		{F1920060-074E-4C0C-9D49-3017F17C022D}.Debug|Any CPU.ActiveCfg = Debug|Any CPU
		{F1920060-074E-4C0C-9D49-3017F17C022D}.Debug|Any CPU.Build.0 = Debug|Any CPU
		{F1920060-074E-4C0C-9D49-3017F17C022D}.Release|Any CPU.ActiveCfg = Release|Any CPU
		{F1920060-074E-4C0C-9D49-3017F17C022D}.Release|Any CPU.Build.0 = Release|Any CPU
	EndGlobalSection
	GlobalSection(SolutionProperties) = preSolution
		HideSolutionNode = FALSE
	EndGlobalSection
	GlobalSection(ExtensibilityGlobals) = postSolution
		SolutionGuid = {D9A05A00-7C78-4C6A-8DE8-8157684E4BA8}
	EndGlobalSection
EndGlobal
