
Microsoft Visual Studio Solution File, Format Version 12.00
# Visual Studio 15
VisualStudioVersion = 15.0.28307.168
MinimumVisualStudioVersion = 10.0.40219.1
Project("{FAE04EC0-301F-11D3-BF4B-00C04F79EFBC}") = "StringParser", "StringParser\StringParser.csproj", "{5FA4A6DD-2A33-4F18-84F7-6AE355C1225E}"
EndProject
Global
	GlobalSection(SolutionConfigurationPlatforms) = preSolution
		Debug|Any CPU = Debug|Any CPU
		Release|Any CPU = Release|Any CPU
	EndGlobalSection
	GlobalSection(ProjectConfigurationPlatforms) = postSolution
		{5FA4A6DD-2A33-4F18-84F7-6AE355C1225E}.Debug|Any CPU.ActiveCfg = Debug|Any CPU
		{5FA4A6DD-2A33-4F18-84F7-6AE355C1225E}.Debug|Any CPU.Build.0 = Debug|Any CPU
		{5FA4A6DD-2A33-4F18-84F7-6AE355C1225E}.Release|Any CPU.ActiveCfg = Release|Any CPU
		{5FA4A6DD-2A33-4F18-84F7-6AE355C1225E}.Release|Any CPU.Build.0 = Release|Any CPU
	EndGlobalSection
	GlobalSection(SolutionProperties) = preSolution
		HideSolutionNode = FALSE
	EndGlobalSection
	GlobalSection(ExtensibilityGlobals) = postSolution
		SolutionGuid = {FEAD8B45-DD20-4E5B-B90E-653C6B6DC3D7}
	EndGlobalSection
EndGlobal
