
Microsoft Visual Studio Solution File, Format Version 12.00
# Visual Studio 15
VisualStudioVersion = 15.0.28307.168
MinimumVisualStudioVersion = 10.0.40219.1
Project("{FAE04EC0-301F-11D3-BF4B-00C04F79EFBC}") = "ConsoleApp5", "ConsoleApp5\ConsoleApp5.csproj", "{A6164BDD-B76E-44B2-BABD-85D7E52925F0}"
EndProject
Global
	GlobalSection(SolutionConfigurationPlatforms) = preSolution
		Debug|Any CPU = Debug|Any CPU
		Release|Any CPU = Release|Any CPU
	EndGlobalSection
	GlobalSection(ProjectConfigurationPlatforms) = postSolution
		{A6164BDD-B76E-44B2-BABD-85D7E52925F0}.Debug|Any CPU.ActiveCfg = Debug|Any CPU
		{A6164BDD-B76E-44B2-BABD-85D7E52925F0}.Debug|Any CPU.Build.0 = Debug|Any CPU
		{A6164BDD-B76E-44B2-BABD-85D7E52925F0}.Release|Any CPU.ActiveCfg = Release|Any CPU
		{A6164BDD-B76E-44B2-BABD-85D7E52925F0}.Release|Any CPU.Build.0 = Release|Any CPU
	EndGlobalSection
	GlobalSection(SolutionProperties) = preSolution
		HideSolutionNode = FALSE
	EndGlobalSection
	GlobalSection(ExtensibilityGlobals) = postSolution
		SolutionGuid = {ACD36329-4CD7-4413-8735-E6AA0D46A499}
	EndGlobalSection
EndGlobal
