
Microsoft Visual Studio Solution File, Format Version 12.00
# Visual Studio 15
VisualStudioVersion = 15.0.28307.168
MinimumVisualStudioVersion = 10.0.40219.1
Project("{FAE04EC0-301F-11D3-BF4B-00C04F79EFBC}") = "MapReducePattern", "MapReducePattern\MapReducePattern.csproj", "{D101624E-1E54-438D-9E70-E83C165D4F63}"
EndProject
Global
	GlobalSection(SolutionConfigurationPlatforms) = preSolution
		Debug|Any CPU = Debug|Any CPU
		Release|Any CPU = Release|Any CPU
	EndGlobalSection
	GlobalSection(ProjectConfigurationPlatforms) = postSolution
		{D101624E-1E54-438D-9E70-E83C165D4F63}.Debug|Any CPU.ActiveCfg = Debug|Any CPU
		{D101624E-1E54-438D-9E70-E83C165D4F63}.Debug|Any CPU.Build.0 = Debug|Any CPU
		{D101624E-1E54-438D-9E70-E83C165D4F63}.Release|Any CPU.ActiveCfg = Release|Any CPU
		{D101624E-1E54-438D-9E70-E83C165D4F63}.Release|Any CPU.Build.0 = Release|Any CPU
	EndGlobalSection
	GlobalSection(SolutionProperties) = preSolution
		HideSolutionNode = FALSE
	EndGlobalSection
	GlobalSection(ExtensibilityGlobals) = postSolution
		SolutionGuid = {2EB1E9D9-BCFA-4C22-A99F-6DE465AFD9C3}
	EndGlobalSection
EndGlobal
